
Microsoft Visual Studio Solution File, Format Version 12.00
# Visual Studio Version 17
VisualStudioVersion = 17.0.32014.148
MinimumVisualStudioVersion = 10.0.40219.1
Project("{FAE04EC0-301F-11D3-BF4B-00C04F79EFBC}") = "Lab_1_CompVision", "Lab_1_CompVision\Lab_1_CompVision.csproj", "{31E00997-F8E9-4755-841C-40A7B0BEF490}"
EndProject
Global
	GlobalSection(SolutionConfigurationPlatforms) = preSolution
		Debug|Any CPU = Debug|Any CPU
		Release|Any CPU = Release|Any CPU
	EndGlobalSection
	GlobalSection(ProjectConfigurationPlatforms) = postSolution
		{31E00997-F8E9-4755-841C-40A7B0BEF490}.Debug|Any CPU.ActiveCfg = Debug|Any CPU
		{31E00997-F8E9-4755-841C-40A7B0BEF490}.Debug|Any CPU.Build.0 = Debug|Any CPU
		{31E00997-F8E9-4755-841C-40A7B0BEF490}.Release|Any CPU.ActiveCfg = Release|Any CPU
		{31E00997-F8E9-4755-841C-40A7B0BEF490}.Release|Any CPU.Build.0 = Release|Any CPU
	EndGlobalSection
	GlobalSection(SolutionProperties) = preSolution
		HideSolutionNode = FALSE
	EndGlobalSection
	GlobalSection(ExtensibilityGlobals) = postSolution
		SolutionGuid = {C19B66F1-2813-4253-B70A-8A226C0171E0}
	EndGlobalSection
EndGlobal
