
Microsoft Visual Studio Solution File, Format Version 12.00
# Visual Studio Version 17
VisualStudioVersion = 17.2.32516.85
MinimumVisualStudioVersion = 10.0.40219.1
Project("{FAE04EC0-301F-11D3-BF4B-00C04F79EFBC}") = "Ing_progect", "Ing_progect\Ing_progect.csproj", "{4748445B-6305-4B99-8532-BB0832F437FA}"
EndProject
Global
	GlobalSection(SolutionConfigurationPlatforms) = preSolution
		Debug|Any CPU = Debug|Any CPU
		Release|Any CPU = Release|Any CPU
	EndGlobalSection
	GlobalSection(ProjectConfigurationPlatforms) = postSolution
		{4748445B-6305-4B99-8532-BB0832F437FA}.Debug|Any CPU.ActiveCfg = Debug|Any CPU
		{4748445B-6305-4B99-8532-BB0832F437FA}.Debug|Any CPU.Build.0 = Debug|Any CPU
		{4748445B-6305-4B99-8532-BB0832F437FA}.Release|Any CPU.ActiveCfg = Release|Any CPU
		{4748445B-6305-4B99-8532-BB0832F437FA}.Release|Any CPU.Build.0 = Release|Any CPU
	EndGlobalSection
	GlobalSection(SolutionProperties) = preSolution
		HideSolutionNode = FALSE
	EndGlobalSection
	GlobalSection(ExtensibilityGlobals) = postSolution
		SolutionGuid = {B424E66B-FF82-40BB-A825-6847836C244F}
	EndGlobalSection
EndGlobal
